
Microsoft Visual Studio Solution File, Format Version 12.00
# Visual Studio 15
VisualStudioVersion = 15.0.27004.2002
MinimumVisualStudioVersion = 10.0.40219.1
Project("{FAE04EC0-301F-11D3-BF4B-00C04F79EFBC}") = "KonzolnaAplikacija", "ConsoleApplication\KonzolnaAplikacija.csproj", "{7AD4CE70-6D93-419D-9282-1FB1A3D3F224}"
EndProject
Project("{FAE04EC0-301F-11D3-BF4B-00C04F79EFBC}") = "ClassLibrary1", "ClassLibrary1\ClassLibrary1.csproj", "{4FE9935C-DC25-47C7-A17F-533F6B52E760}"
EndProject
Global
	GlobalSection(SolutionConfigurationPlatforms) = preSolution
		Debug|Any CPU = Debug|Any CPU
		Release|Any CPU = Release|Any CPU
	EndGlobalSection
	GlobalSection(ProjectConfigurationPlatforms) = postSolution
		{7AD4CE70-6D93-419D-9282-1FB1A3D3F224}.Debug|Any CPU.ActiveCfg = Debug|Any CPU
		{7AD4CE70-6D93-419D-9282-1FB1A3D3F224}.Debug|Any CPU.Build.0 = Debug|Any CPU
		{7AD4CE70-6D93-419D-9282-1FB1A3D3F224}.Release|Any CPU.ActiveCfg = Release|Any CPU
		{7AD4CE70-6D93-419D-9282-1FB1A3D3F224}.Release|Any CPU.Build.0 = Release|Any CPU
		{4FE9935C-DC25-47C7-A17F-533F6B52E760}.Debug|Any CPU.ActiveCfg = Debug|Any CPU
		{4FE9935C-DC25-47C7-A17F-533F6B52E760}.Debug|Any CPU.Build.0 = Debug|Any CPU
		{4FE9935C-DC25-47C7-A17F-533F6B52E760}.Release|Any CPU.ActiveCfg = Release|Any CPU
		{4FE9935C-DC25-47C7-A17F-533F6B52E760}.Release|Any CPU.Build.0 = Release|Any CPU
	EndGlobalSection
	GlobalSection(SolutionProperties) = preSolution
		HideSolutionNode = FALSE
	EndGlobalSection
	GlobalSection(ExtensibilityGlobals) = postSolution
		SolutionGuid = {22B6EC4D-D94D-4C89-8E99-BCCFA40BF03E}
	EndGlobalSection
EndGlobal
